
Microsoft Visual Studio Solution File, Format Version 12.00
# Visual Studio 2013
VisualStudioVersion = 12.0.40629.0
MinimumVisualStudioVersion = 10.0.40219.1
Project("{8BC9CEB8-8B4A-11D0-8D11-00A0C91BC942}") = "MSP_Code_Challenge_Problem1", "MSP_Code_Challenge_Problem1\MSP_Code_Challenge_Problem1.vcxproj", "{9364FED4-AB1B-4EC4-9FA0-409E356DF015}"
EndProject
Project("{8BC9CEB8-8B4A-11D0-8D11-00A0C91BC942}") = "MSP_Code_Challenge_Problem2", "MSP_Code_Challenge_Problem2\MSP_Code_Challenge_Problem2.vcxproj", "{30837C15-FA67-43BE-8467-DEF79E451AC7}"
EndProject
Project("{8BC9CEB8-8B4A-11D0-8D11-00A0C91BC942}") = "MSP_Code_Challenge_Problem3", "MSP_Code_Challenge_Problem3\MSP_Code_Challenge_Problem3.vcxproj", "{21C0DFA3-960B-4B69-BB6C-C00144C2100E}"
EndProject
Project("{8BC9CEB8-8B4A-11D0-8D11-00A0C91BC942}") = "MSP_Code_Challenge_Problem4", "MSP_Code_Challenge_Problem4\MSP_Code_Challenge_Problem4.vcxproj", "{6DBA3D3C-0E77-4A9E-8F33-E0CC1E779243}"
EndProject
Project("{8BC9CEB8-8B4A-11D0-8D11-00A0C91BC942}") = "MSP_Code_Challenge_Problem5", "MSP_Code_Challenge_Problem5\MSP_Code_Challenge_Problem5.vcxproj", "{311EBEEE-ED6A-4BC0-8BE1-F00D0C8B4717}"
EndProject
Project("{8BC9CEB8-8B4A-11D0-8D11-00A0C91BC942}") = "MSP_Code_Challenge_Problem6", "MSP_Code_Challenge_Problem6\MSP_Code_Challenge_Problem6.vcxproj", "{4484B298-FF72-479E-A111-E182725D5E4B}"
EndProject
Project("{8BC9CEB8-8B4A-11D0-8D11-00A0C91BC942}") = "MSP_Code_Challenge_Problem7", "MSP_Code_Challenge_Problem7\MSP_Code_Challenge_Problem7.vcxproj", "{2FE41BBF-9280-48BA-9B87-A4FF920BC7ED}"
EndProject
Project("{8BC9CEB8-8B4A-11D0-8D11-00A0C91BC942}") = "MSP_Code_Challenge_Problem8", "MSP_Code_Challenge_Problem8\MSP_Code_Challenge_Problem8.vcxproj", "{8DA88E50-146A-4CEE-B327-9E5E4AB88D6A}"
EndProject
Project("{8BC9CEB8-8B4A-11D0-8D11-00A0C91BC942}") = "MSP_Code_Challenge_Problem9", "MSP_Code_Challenge_Problem9\MSP_Code_Challenge_Problem9.vcxproj", "{E3A1C66E-23B8-4429-99ED-ED9DC41A2A13}"
EndProject
Project("{8BC9CEB8-8B4A-11D0-8D11-00A0C91BC942}") = "MSP_Code_Challenge_Problem10", "MSP_Code_Challenge_Problem10\MSP_Code_Challenge_Problem10.vcxproj", "{6FB594A7-C968-4342-9D59-5A59B3780E52}"
EndProject
Project("{8BC9CEB8-8B4A-11D0-8D11-00A0C91BC942}") = "MSP_Code_Challenge_Problem11", "MSP_Code_Challenge_Problem11\MSP_Code_Challenge_Problem11.vcxproj", "{05627A24-0B01-4F23-AC28-F75E20A84E15}"
EndProject
Project("{8BC9CEB8-8B4A-11D0-8D11-00A0C91BC942}") = "MSP_Code_Challenge_Problem12", "MSP_Code_Challenge_Problem12\MSP_Code_Challenge_Problem12.vcxproj", "{024DAE9E-16B8-43B4-AB68-6F2890733296}"
EndProject
Project("{8BC9CEB8-8B4A-11D0-8D11-00A0C91BC942}") = "MSP_Code_Challenge_Problem13", "MSP_Code_Challenge_Problem13\MSP_Code_Challenge_Problem13.vcxproj", "{36F1C3C3-2A9B-475B-84B6-3F1BB9E4A7FB}"
EndProject
Project("{8BC9CEB8-8B4A-11D0-8D11-00A0C91BC942}") = "MSP_Code_Challenge_Problem14", "MSP_Code_Challenge_Problem14\MSP_Code_Challenge_Problem14.vcxproj", "{D26544AD-8F02-461D-BEEF-387109992F77}"
EndProject
Project("{8BC9CEB8-8B4A-11D0-8D11-00A0C91BC942}") = "MSP_Code_Challenge_Problem15", "MSP_Code_Challenge_Problem15\MSP_Code_Challenge_Problem15.vcxproj", "{09618C8F-0CB3-4134-8070-43E0B9EE0CD8}"
EndProject
Project("{8BC9CEB8-8B4A-11D0-8D11-00A0C91BC942}") = "MSP_Code_Challenge_Problem16", "MSP_Code_Challenge_Problem16\MSP_Code_Challenge_Problem16.vcxproj", "{69FF6838-E0EA-454E-8345-810AEF34267B}"
EndProject
Project("{8BC9CEB8-8B4A-11D0-8D11-00A0C91BC942}") = "MSP_Code_Challenge_Problem17", "MSP_Code_Challenge_Problem17\MSP_Code_Challenge_Problem17.vcxproj", "{A9541F78-927B-41F2-BD7C-0982C4ACF2BD}"
EndProject
Global
	GlobalSection(SolutionConfigurationPlatforms) = preSolution
		Debug|Win32 = Debug|Win32
		Release|Win32 = Release|Win32
	EndGlobalSection
	GlobalSection(ProjectConfigurationPlatforms) = postSolution
		{9364FED4-AB1B-4EC4-9FA0-409E356DF015}.Debug|Win32.ActiveCfg = Debug|Win32
		{9364FED4-AB1B-4EC4-9FA0-409E356DF015}.Debug|Win32.Build.0 = Debug|Win32
		{9364FED4-AB1B-4EC4-9FA0-409E356DF015}.Release|Win32.ActiveCfg = Release|Win32
		{9364FED4-AB1B-4EC4-9FA0-409E356DF015}.Release|Win32.Build.0 = Release|Win32
		{30837C15-FA67-43BE-8467-DEF79E451AC7}.Debug|Win32.ActiveCfg = Debug|Win32
		{30837C15-FA67-43BE-8467-DEF79E451AC7}.Debug|Win32.Build.0 = Debug|Win32
		{30837C15-FA67-43BE-8467-DEF79E451AC7}.Release|Win32.ActiveCfg = Release|Win32
		{30837C15-FA67-43BE-8467-DEF79E451AC7}.Release|Win32.Build.0 = Release|Win32
		{21C0DFA3-960B-4B69-BB6C-C00144C2100E}.Debug|Win32.ActiveCfg = Debug|Win32
		{21C0DFA3-960B-4B69-BB6C-C00144C2100E}.Debug|Win32.Build.0 = Debug|Win32
		{21C0DFA3-960B-4B69-BB6C-C00144C2100E}.Release|Win32.ActiveCfg = Release|Win32
		{21C0DFA3-960B-4B69-BB6C-C00144C2100E}.Release|Win32.Build.0 = Release|Win32
		{6DBA3D3C-0E77-4A9E-8F33-E0CC1E779243}.Debug|Win32.ActiveCfg = Debug|Win32
		{6DBA3D3C-0E77-4A9E-8F33-E0CC1E779243}.Debug|Win32.Build.0 = Debug|Win32
		{6DBA3D3C-0E77-4A9E-8F33-E0CC1E779243}.Release|Win32.ActiveCfg = Release|Win32
		{6DBA3D3C-0E77-4A9E-8F33-E0CC1E779243}.Release|Win32.Build.0 = Release|Win32
		{311EBEEE-ED6A-4BC0-8BE1-F00D0C8B4717}.Debug|Win32.ActiveCfg = Debug|Win32
		{311EBEEE-ED6A-4BC0-8BE1-F00D0C8B4717}.Debug|Win32.Build.0 = Debug|Win32
		{311EBEEE-ED6A-4BC0-8BE1-F00D0C8B4717}.Release|Win32.ActiveCfg = Release|Win32
		{311EBEEE-ED6A-4BC0-8BE1-F00D0C8B4717}.Release|Win32.Build.0 = Release|Win32
		{4484B298-FF72-479E-A111-E182725D5E4B}.Debug|Win32.ActiveCfg = Debug|Win32
		{4484B298-FF72-479E-A111-E182725D5E4B}.Debug|Win32.Build.0 = Debug|Win32
		{4484B298-FF72-479E-A111-E182725D5E4B}.Release|Win32.ActiveCfg = Release|Win32
		{4484B298-FF72-479E-A111-E182725D5E4B}.Release|Win32.Build.0 = Release|Win32
		{2FE41BBF-9280-48BA-9B87-A4FF920BC7ED}.Debug|Win32.ActiveCfg = Debug|Win32
		{2FE41BBF-9280-48BA-9B87-A4FF920BC7ED}.Debug|Win32.Build.0 = Debug|Win32
		{2FE41BBF-9280-48BA-9B87-A4FF920BC7ED}.Release|Win32.ActiveCfg = Release|Win32
		{2FE41BBF-9280-48BA-9B87-A4FF920BC7ED}.Release|Win32.Build.0 = Release|Win32
		{8DA88E50-146A-4CEE-B327-9E5E4AB88D6A}.Debug|Win32.ActiveCfg = Debug|Win32
		{8DA88E50-146A-4CEE-B327-9E5E4AB88D6A}.Debug|Win32.Build.0 = Debug|Win32
		{8DA88E50-146A-4CEE-B327-9E5E4AB88D6A}.Release|Win32.ActiveCfg = Release|Win32
		{8DA88E50-146A-4CEE-B327-9E5E4AB88D6A}.Release|Win32.Build.0 = Release|Win32
		{E3A1C66E-23B8-4429-99ED-ED9DC41A2A13}.Debug|Win32.ActiveCfg = Debug|Win32
		{E3A1C66E-23B8-4429-99ED-ED9DC41A2A13}.Debug|Win32.Build.0 = Debug|Win32
		{E3A1C66E-23B8-4429-99ED-ED9DC41A2A13}.Release|Win32.ActiveCfg = Release|Win32
		{E3A1C66E-23B8-4429-99ED-ED9DC41A2A13}.Release|Win32.Build.0 = Release|Win32
		{6FB594A7-C968-4342-9D59-5A59B3780E52}.Debug|Win32.ActiveCfg = Debug|Win32
		{6FB594A7-C968-4342-9D59-5A59B3780E52}.Debug|Win32.Build.0 = Debug|Win32
		{6FB594A7-C968-4342-9D59-5A59B3780E52}.Release|Win32.ActiveCfg = Release|Win32
		{6FB594A7-C968-4342-9D59-5A59B3780E52}.Release|Win32.Build.0 = Release|Win32
		{05627A24-0B01-4F23-AC28-F75E20A84E15}.Debug|Win32.ActiveCfg = Debug|Win32
		{05627A24-0B01-4F23-AC28-F75E20A84E15}.Debug|Win32.Build.0 = Debug|Win32
		{05627A24-0B01-4F23-AC28-F75E20A84E15}.Release|Win32.ActiveCfg = Release|Win32
		{05627A24-0B01-4F23-AC28-F75E20A84E15}.Release|Win32.Build.0 = Release|Win32
		{024DAE9E-16B8-43B4-AB68-6F2890733296}.Debug|Win32.ActiveCfg = Debug|Win32
		{024DAE9E-16B8-43B4-AB68-6F2890733296}.Debug|Win32.Build.0 = Debug|Win32
		{024DAE9E-16B8-43B4-AB68-6F2890733296}.Release|Win32.ActiveCfg = Release|Win32
		{024DAE9E-16B8-43B4-AB68-6F2890733296}.Release|Win32.Build.0 = Release|Win32
		{36F1C3C3-2A9B-475B-84B6-3F1BB9E4A7FB}.Debug|Win32.ActiveCfg = Debug|Win32
		{36F1C3C3-2A9B-475B-84B6-3F1BB9E4A7FB}.Debug|Win32.Build.0 = Debug|Win32
		{36F1C3C3-2A9B-475B-84B6-3F1BB9E4A7FB}.Release|Win32.ActiveCfg = Release|Win32
		{36F1C3C3-2A9B-475B-84B6-3F1BB9E4A7FB}.Release|Win32.Build.0 = Release|Win32
		{D26544AD-8F02-461D-BEEF-387109992F77}.Debug|Win32.ActiveCfg = Debug|Win32
		{D26544AD-8F02-461D-BEEF-387109992F77}.Debug|Win32.Build.0 = Debug|Win32
		{D26544AD-8F02-461D-BEEF-387109992F77}.Release|Win32.ActiveCfg = Release|Win32
		{D26544AD-8F02-461D-BEEF-387109992F77}.Release|Win32.Build.0 = Release|Win32
		{09618C8F-0CB3-4134-8070-43E0B9EE0CD8}.Debug|Win32.ActiveCfg = Debug|Win32
		{09618C8F-0CB3-4134-8070-43E0B9EE0CD8}.Debug|Win32.Build.0 = Debug|Win32
		{09618C8F-0CB3-4134-8070-43E0B9EE0CD8}.Release|Win32.ActiveCfg = Release|Win32
		{09618C8F-0CB3-4134-8070-43E0B9EE0CD8}.Release|Win32.Build.0 = Release|Win32
		{69FF6838-E0EA-454E-8345-810AEF34267B}.Debug|Win32.ActiveCfg = Debug|Win32
		{69FF6838-E0EA-454E-8345-810AEF34267B}.Debug|Win32.Build.0 = Debug|Win32
		{69FF6838-E0EA-454E-8345-810AEF34267B}.Release|Win32.ActiveCfg = Release|Win32
		{69FF6838-E0EA-454E-8345-810AEF34267B}.Release|Win32.Build.0 = Release|Win32
		{A9541F78-927B-41F2-BD7C-0982C4ACF2BD}.Debug|Win32.ActiveCfg = Debug|Win32
		{A9541F78-927B-41F2-BD7C-0982C4ACF2BD}.Debug|Win32.Build.0 = Debug|Win32
		{A9541F78-927B-41F2-BD7C-0982C4ACF2BD}.Release|Win32.ActiveCfg = Release|Win32
		{A9541F78-927B-41F2-BD7C-0982C4ACF2BD}.Release|Win32.Build.0 = Release|Win32
	EndGlobalSection
	GlobalSection(SolutionProperties) = preSolution
		HideSolutionNode = FALSE
	EndGlobalSection
EndGlobal
